
Microsoft Visual Studio Solution File, Format Version 12.00
# Visual Studio Version 17
VisualStudioVersion = 17.4.33213.308
MinimumVisualStudioVersion = 10.0.40219.1
Project("{888888A0-9F3D-457C-B088-3A5042F75D52}") = "TeacherGame", "TeacherGame\TeacherGame.pyproj", "{549AA014-296A-4CDB-BDD8-851718117B89}"
EndProject
Global
	GlobalSection(SolutionConfigurationPlatforms) = preSolution
		Debug|Any CPU = Debug|Any CPU
		Release|Any CPU = Release|Any CPU
	EndGlobalSection
	GlobalSection(ProjectConfigurationPlatforms) = postSolution
		{549AA014-296A-4CDB-BDD8-851718117B89}.Debug|Any CPU.ActiveCfg = Debug|Any CPU
		{549AA014-296A-4CDB-BDD8-851718117B89}.Release|Any CPU.ActiveCfg = Release|Any CPU
	EndGlobalSection
	GlobalSection(SolutionProperties) = preSolution
		HideSolutionNode = FALSE
	EndGlobalSection
	GlobalSection(ExtensibilityGlobals) = postSolution
		SolutionGuid = {F8596FC2-37FB-4948-809C-F15B8E60455C}
	EndGlobalSection
EndGlobal
